lockfileVersion: '9.0'

settings:
  autoInstallPeers: true
  excludeLinksFromLockfile: false

importers:

  .:
    dependencies:
      '@tanstack/react-query':
        specifier: ^5.62.8
        version: 5.62.8(react@19.0.0)

packages:

  '@tanstack/query-core@5.62.8':
    resolution: {integrity: sha512-4fV31vDsUyvNGrKIOUNPrZztoyL187bThnoQOvAXEVlZbSiuPONpfx53634MKKdvsDir5NyOGm80ShFaoHS/mw==}

  '@tanstack/react-query@5.62.8':
    resolution: {integrity: sha512-8TUstKxF/fysHonZsWg/hnlDVgasTdHx6Q+f1/s/oPKJBJbKUWPZEHwLTMOZgrZuroLMiqYKJ9w69Abm8mWP0Q==}
    peerDependencies:
      react: ^18 || ^19

  react@19.0.0:
    resolution: {integrity: sha512-V8AVnmPIICiWpGfm6GLzCR/W5FXLchHop40W4nXBmdlEceh16rCN8O8LNWm5bh5XUX91fh7KpA+W0TgMKmgTpQ==}
    engines: {node: '>=0.10.0'}

snapshots:

  '@tanstack/query-core@5.62.8': {}

  '@tanstack/react-query@5.62.8(react@19.0.0)':
    dependencies:
      '@tanstack/query-core': 5.62.8
      react: 19.0.0

  react@19.0.0: {}
